
Microsoft Visual Studio Solution File, Format Version 12.00
# Visual Studio Version 16
VisualStudioVersion = 16.0.30114.105
MinimumVisualStudioVersion = 10.0.40219.1
Project("{2150E333-8FDC-42A3-9474-1A3956D46DE8}") = "src", "src", "{A2F03059-EB1D-4A8B-8DD8-258BC5F2C065}"
EndProject
Project("{FAE04EC0-301F-11D3-BF4B-00C04F79EFBC}") = "MySpot.Api", "src\MySpot.Api\MySpot.Api.csproj", "{6AA0DB69-0B71-41D2-AD4B-E3E5E05B78B4}"
EndProject
Global
	GlobalSection(SolutionConfigurationPlatforms) = preSolution
		Debug|Any CPU = Debug|Any CPU
		Release|Any CPU = Release|Any CPU
	EndGlobalSection
	GlobalSection(SolutionProperties) = preSolution
		HideSolutionNode = FALSE
	EndGlobalSection
	GlobalSection(ProjectConfigurationPlatforms) = postSolution
		{6AA0DB69-0B71-41D2-AD4B-E3E5E05B78B4}.Debug|Any CPU.ActiveCfg = Debug|Any CPU
		{6AA0DB69-0B71-41D2-AD4B-E3E5E05B78B4}.Debug|Any CPU.Build.0 = Debug|Any CPU
		{6AA0DB69-0B71-41D2-AD4B-E3E5E05B78B4}.Release|Any CPU.ActiveCfg = Release|Any CPU
		{6AA0DB69-0B71-41D2-AD4B-E3E5E05B78B4}.Release|Any CPU.Build.0 = Release|Any CPU
	EndGlobalSection
	GlobalSection(NestedProjects) = preSolution
		{6AA0DB69-0B71-41D2-AD4B-E3E5E05B78B4} = {A2F03059-EB1D-4A8B-8DD8-258BC5F2C065}
	EndGlobalSection
EndGlobal
